
Microsoft Visual Studio Solution File, Format Version 12.00
# Visual Studio 15
VisualStudioVersion = 15.0.28307.757
MinimumVisualStudioVersion = 10.0.40219.1
Project("{8BC9CEB8-8B4A-11D0-8D11-00A0C91BC942}") = "Algo", "Algo\Algo.vcxproj", "{41FEDA68-F73C-4CCB-BE8B-710A0B5B8ED4}"
EndProject
Project("{8BC9CEB8-8B4A-11D0-8D11-00A0C91BC942}") = "Structure", "Structure\Structure.vcxproj", "{3B470E70-CC04-4C1D-9B76-AC957A8E44A0}"
EndProject
Global
	GlobalSection(SolutionConfigurationPlatforms) = preSolution
		Debug|x64 = Debug|x64
		Debug|x86 = Debug|x86
		Release|x64 = Release|x64
		Release|x86 = Release|x86
	EndGlobalSection
	GlobalSection(ProjectConfigurationPlatforms) = postSolution
		{41FEDA68-F73C-4CCB-BE8B-710A0B5B8ED4}.Debug|x64.ActiveCfg = Debug|x64
		{41FEDA68-F73C-4CCB-BE8B-710A0B5B8ED4}.Debug|x64.Build.0 = Debug|x64
		{41FEDA68-F73C-4CCB-BE8B-710A0B5B8ED4}.Debug|x86.ActiveCfg = Debug|Win32
		{41FEDA68-F73C-4CCB-BE8B-710A0B5B8ED4}.Debug|x86.Build.0 = Debug|Win32
		{41FEDA68-F73C-4CCB-BE8B-710A0B5B8ED4}.Release|x64.ActiveCfg = Release|x64
		{41FEDA68-F73C-4CCB-BE8B-710A0B5B8ED4}.Release|x64.Build.0 = Release|x64
		{41FEDA68-F73C-4CCB-BE8B-710A0B5B8ED4}.Release|x86.ActiveCfg = Release|Win32
		{41FEDA68-F73C-4CCB-BE8B-710A0B5B8ED4}.Release|x86.Build.0 = Release|Win32
		{3B470E70-CC04-4C1D-9B76-AC957A8E44A0}.Debug|x64.ActiveCfg = Debug|x64
		{3B470E70-CC04-4C1D-9B76-AC957A8E44A0}.Debug|x64.Build.0 = Debug|x64
		{3B470E70-CC04-4C1D-9B76-AC957A8E44A0}.Debug|x86.ActiveCfg = Debug|Win32
		{3B470E70-CC04-4C1D-9B76-AC957A8E44A0}.Debug|x86.Build.0 = Debug|Win32
		{3B470E70-CC04-4C1D-9B76-AC957A8E44A0}.Release|x64.ActiveCfg = Release|x64
		{3B470E70-CC04-4C1D-9B76-AC957A8E44A0}.Release|x64.Build.0 = Release|x64
		{3B470E70-CC04-4C1D-9B76-AC957A8E44A0}.Release|x86.ActiveCfg = Release|Win32
		{3B470E70-CC04-4C1D-9B76-AC957A8E44A0}.Release|x86.Build.0 = Release|Win32
	EndGlobalSection
	GlobalSection(SolutionProperties) = preSolution
		HideSolutionNode = FALSE
	EndGlobalSection
	GlobalSection(ExtensibilityGlobals) = postSolution
		SolutionGuid = {B4A0DFEE-BCA9-4D0D-B2AB-F1F548F5F0B1}
	EndGlobalSection
EndGlobal
